// !$*UTF8*$!
{
	archiveVersion = 1;
	classes = {
	};
	objectVersion = 50;
	objects = {

/* Begin PBXBuildFile section */
		1AA98DD4225A988B00F22286 /* AppDelegate.swift in Sources */ = {isa = PBXBuildFile; fileRef = 1AA98DD3225A988B00F22286 /* AppDelegate.swift */; };
		1AA98DDB225A988D00F22286 /* Assets.xcassets in Resources */ = {isa = PBXBuildFile; fileRef = 1AA98DDA225A988D00F22286 /* Assets.xcassets */; };
		1AA98DDE225A988D00F22286 /* LaunchScreen.storyboard in Resources */ = {isa = PBXBuildFile; fileRef = 1AA98DDC225A988D00F22286 /* LaunchScreen.storyboard */; };
		1AA98DE9225A988D00F22286 /* MapsTests.swift in Sources */ = {isa = PBXBuildFile; fileRef = 1AA98DE8225A988D00F22286 /* MapsTests.swift */; };
		1AA98DF4225A988D00F22286 /* MapsUITests.swift in Sources */ = {isa = PBXBuildFile; fileRef = 1AA98DF3225A988D00F22286 /* MapsUITests.swift */; };
		1AA98E0B225A9D5D00F22286 /* Coordinator.swift in Sources */ = {isa = PBXBuildFile; fileRef = 1AA98E0A225A9D5D00F22286 /* Coordinator.swift */; };
		1AA98E0D225AA4CD00F22286 /* AppCoordinator.swift in Sources */ = {isa = PBXBuildFile; fileRef = 1AA98E0C225AA4CD00F22286 /* AppCoordinator.swift */; };
		1AA98E0F225AA54A00F22286 /* DefaultContainer.swift in Sources */ = {isa = PBXBuildFile; fileRef = 1AA98E0E225AA54A00F22286 /* DefaultContainer.swift */; };
		1AA98E12225AA7FF00F22286 /* MapView.swift in Sources */ = {isa = PBXBuildFile; fileRef = 1AA98E11225AA7FF00F22286 /* MapView.swift */; };
		1AA98E14225AA8A600F22286 /* DefaultContainer+Views.swift in Sources */ = {isa = PBXBuildFile; fileRef = 1AA98E13225AA8A600F22286 /* DefaultContainer+Views.swift */; };
		1AA98E17225AB02200F22286 /* .swiftlint.yml in Resources */ = {isa = PBXBuildFile; fileRef = 1AA98E16225AB02200F22286 /* .swiftlint.yml */; };
		1AA98E1B225AB33A00F22286 /* Constants.swift in Sources */ = {isa = PBXBuildFile; fileRef = 1AA98E1A225AB33A00F22286 /* Constants.swift */; };
		1AA98E1D225AB5DC00F22286 /* PlaceRouter.swift in Sources */ = {isa = PBXBuildFile; fileRef = 1AA98E1C225AB5DC00F22286 /* PlaceRouter.swift */; };
		1AA98E1F225AB75000F22286 /* PlaceRepository.swift in Sources */ = {isa = PBXBuildFile; fileRef = 1AA98E1E225AB75000F22286 /* PlaceRepository.swift */; };
		1AA98E21225AB7EE00F22286 /* PlaceRepositoryImpl.swift in Sources */ = {isa = PBXBuildFile; fileRef = 1AA98E20225AB7EE00F22286 /* PlaceRepositoryImpl.swift */; };
		1AA98E25225ABF0600F22286 /* PlaceService.swift in Sources */ = {isa = PBXBuildFile; fileRef = 1AA98E24225ABF0600F22286 /* PlaceService.swift */; };
		1AA98E28225ABFF900F22286 /* Country.swift in Sources */ = {isa = PBXBuildFile; fileRef = 1AA98E27225ABFF900F22286 /* Country.swift */; };
		1AA98E2A225AC00700F22286 /* City.swift in Sources */ = {isa = PBXBuildFile; fileRef = 1AA98E29225AC00700F22286 /* City.swift */; };
		1AA98E2C225AC0D300F22286 /* PlaceServiceImpl.swift in Sources */ = {isa = PBXBuildFile; fileRef = 1AA98E2B225AC0D300F22286 /* PlaceServiceImpl.swift */; };
		1AA98E2E225AC25400F22286 /* PlaceError.swift in Sources */ = {isa = PBXBuildFile; fileRef = 1AA98E2D225AC25400F22286 /* PlaceError.swift */; };
		1AA98E30225AC43200F22286 /* DefaultContainer+Services.swift in Sources */ = {isa = PBXBuildFile; fileRef = 1AA98E2F225AC43200F22286 /* DefaultContainer+Services.swift */; };
		1AA98E32225AC44200F22286 /* DefaultContainer+Repositories.swift in Sources */ = {isa = PBXBuildFile; fileRef = 1AA98E31225AC44200F22286 /* DefaultContainer+Repositories.swift */; };
		1AA98E35225ADA0D00F22286 /* GeolocationService.swift in Sources */ = {isa = PBXBuildFile; fileRef = 1AA98E34225ADA0D00F22286 /* GeolocationService.swift */; };
		1AA98E37225ADB8C00F22286 /* GeolocationServiceImpl.swift in Sources */ = {isa = PBXBuildFile; fileRef = 1AA98E36225ADB8C00F22286 /* GeolocationServiceImpl.swift */; };
		1AA98E3922624B7900F22286 /* MapViewModel.swift in Sources */ = {isa = PBXBuildFile; fileRef = 1AA98E3822624B7900F22286 /* MapViewModel.swift */; };
		1AA98E3B22624B9300F22286 /* MapViewScreen.swift in Sources */ = {isa = PBXBuildFile; fileRef = 1AA98E3A22624B9300F22286 /* MapViewScreen.swift */; };
		1AA98E3D22624BC400F22286 /* CodeView.swift in Sources */ = {isa = PBXBuildFile; fileRef = 1AA98E3C22624BC400F22286 /* CodeView.swift */; };
		1AA98E3F226252E000F22286 /* CustomViewController.swift in Sources */ = {isa = PBXBuildFile; fileRef = 1AA98E3E226252E000F22286 /* CustomViewController.swift */; };
		1AA98E41226254DC00F22286 /* MapViewModeling.swift in Sources */ = {isa = PBXBuildFile; fileRef = 1AA98E40226254DC00F22286 /* MapViewModeling.swift */; };
		1AA98E452262559100F22286 /* DefaultContainer+ViewModels.swift in Sources */ = {isa = PBXBuildFile; fileRef = 1AA98E442262559100F22286 /* DefaultContainer+ViewModels.swift */; };
		1AA98E4822626D6700F22286 /* InfoLabelView.swift in Sources */ = {isa = PBXBuildFile; fileRef = 1AA98E4722626D6700F22286 /* InfoLabelView.swift */; };
		1AA98E4A226286F900F22286 /* MapsLabel.swift in Sources */ = {isa = PBXBuildFile; fileRef = 1AA98E49226286F900F22286 /* MapsLabel.swift */; };
		1AA98E4C2262875100F22286 /* Style.swift in Sources */ = {isa = PBXBuildFile; fileRef = 1AA98E4B2262875100F22286 /* Style.swift */; };
		1AA98E4F226289A000F22286 /* LabelStyle.swift in Sources */ = {isa = PBXBuildFile; fileRef = 1AA98E4E226289A000F22286 /* LabelStyle.swift */; };
		1AA98E5122628B5000F22286 /* LabelDescriptor.swift in Sources */ = {isa = PBXBuildFile; fileRef = 1AA98E5022628B5000F22286 /* LabelDescriptor.swift */; };
		1AA98E5422628F0600F22286 /* TitleDescriptor.swift in Sources */ = {isa = PBXBuildFile; fileRef = 1AA98E5322628F0600F22286 /* TitleDescriptor.swift */; };
		1AA98E562262926E00F22286 /* SubtitleDescriptor.swift in Sources */ = {isa = PBXBuildFile; fileRef = 1AA98E552262926E00F22286 /* SubtitleDescriptor.swift */; };
		1AA98E592262A45D00F22286 /* CityInfoView.swift in Sources */ = {isa = PBXBuildFile; fileRef = 1AA98E582262A45D00F22286 /* CityInfoView.swift */; };
		1AA98E5C2262B84700F22286 /* Observable+Utils.swift in Sources */ = {isa = PBXBuildFile; fileRef = 1AA98E5B2262B84700F22286 /* Observable+Utils.swift */; };
		69511AF44C6DB325121AF196 /* Pods_MapsUITests.framework in Frameworks */ = {isa = PBXBuildFile; fileRef = D9CBE6D8DD2BD5897571B94B /* Pods_MapsUITests.framework */; };
		9D056CC1F5C5225C03CC4017 /* Pods_Maps.framework in Frameworks */ = {isa = PBXBuildFile; fileRef = 4655AF3C375BEC380B6190C7 /* Pods_Maps.framework */; };
		A8A64F38CA97F6EE0789E803 /* Pods_MapsTests.framework in Frameworks */ = {isa = PBXBuildFile; fileRef = 3165C6F1820F5504C965A406 /* Pods_MapsTests.framework */; };
/* End PBXBuildFile section */

/* Begin PBXContainerItemProxy section */
		1AA98DE5225A988D00F22286 /* PBXContainerItemProxy */ = {
			isa = PBXContainerItemProxy;
			containerPortal = 1AA98DC8225A988B00F22286 /* Project object */;
			proxyType = 1;
			remoteGlobalIDString = 1AA98DCF225A988B00F22286;
			remoteInfo = Maps;
		};
		1AA98DF0225A988D00F22286 /* PBXContainerItemProxy */ = {
			isa = PBXContainerItemProxy;
			containerPortal = 1AA98DC8225A988B00F22286 /* Project object */;
			proxyType = 1;
			remoteGlobalIDString = 1AA98DCF225A988B00F22286;
			remoteInfo = Maps;
		};
/* End PBXContainerItemProxy section */

/* Begin PBXFileReference section */
		079EB13BF7EADEF6A1386771 /* Pods-Maps.debug.xcconfig */ = {isa = PBXFileReference; includeInIndex = 1; lastKnownFileType = text.xcconfig; name = "Pods-Maps.debug.xcconfig"; path = "Target Support Files/Pods-Maps/Pods-Maps.debug.xcconfig"; sourceTree = "<group>"; };
		1AA98DD0225A988B00F22286 /* Maps.app */ = {isa = PBXFileReference; explicitFileType = wrapper.application; includeInIndex = 0; path = Maps.app; sourceTree = BUILT_PRODUCTS_DIR; };
		1AA98DD3225A988B00F22286 /* AppDelegate.swift */ = {isa = PBXFileReference; lastKnownFileType = sourcecode.swift; path = AppDelegate.swift; sourceTree = "<group>"; };
		1AA98DDA225A988D00F22286 /* Assets.xcassets */ = {isa = PBXFileReference; lastKnownFileType = folder.assetcatalog; path = Assets.xcassets; sourceTree = "<group>"; };
		1AA98DDD225A988D00F22286 /* Base */ = {isa = PBXFileReference; lastKnownFileType = file.storyboard; name = Base; path = Base.lproj/LaunchScreen.storyboard; sourceTree = "<group>"; };
		1AA98DDF225A988D00F22286 /* Info.plist */ = {isa = PBXFileReference; lastKnownFileType = text.plist.xml; path = Info.plist; sourceTree = "<group>"; };
		1AA98DE4225A988D00F22286 /* MapsTests.xctest */ = {isa = PBXFileReference; explicitFileType = wrapper.cfbundle; includeInIndex = 0; path = MapsTests.xctest; sourceTree = BUILT_PRODUCTS_DIR; };
		1AA98DE8225A988D00F22286 /* MapsTests.swift */ = {isa = PBXFileReference; lastKnownFileType = sourcecode.swift; path = MapsTests.swift; sourceTree = "<group>"; };
		1AA98DEA225A988D00F22286 /* Info.plist */ = {isa = PBXFileReference; lastKnownFileType = text.plist.xml; path = Info.plist; sourceTree = "<group>"; };
		1AA98DEF225A988D00F22286 /* MapsUITests.xctest */ = {isa = PBXFileReference; explicitFileType = wrapper.cfbundle; includeInIndex = 0; path = MapsUITests.xctest; sourceTree = BUILT_PRODUCTS_DIR; };
		1AA98DF3225A988D00F22286 /* MapsUITests.swift */ = {isa = PBXFileReference; lastKnownFileType = sourcecode.swift; path = MapsUITests.swift; sourceTree = "<group>"; };
		1AA98DF5225A988D00F22286 /* Info.plist */ = {isa = PBXFileReference; lastKnownFileType = text.plist.xml; path = Info.plist; sourceTree = "<group>"; };
		1AA98E0A225A9D5D00F22286 /* Coordinator.swift */ = {isa = PBXFileReference; lastKnownFileType = sourcecode.swift; path = Coordinator.swift; sourceTree = "<group>"; };
		1AA98E0C225AA4CD00F22286 /* AppCoordinator.swift */ = {isa = PBXFileReference; lastKnownFileType = sourcecode.swift; path = AppCoordinator.swift; sourceTree = "<group>"; };
		1AA98E0E225AA54A00F22286 /* DefaultContainer.swift */ = {isa = PBXFileReference; lastKnownFileType = sourcecode.swift; path = DefaultContainer.swift; sourceTree = "<group>"; };
		1AA98E11225AA7FF00F22286 /* MapView.swift */ = {isa = PBXFileReference; lastKnownFileType = sourcecode.swift; path = MapView.swift; sourceTree = "<group>"; };
		1AA98E13225AA8A600F22286 /* DefaultContainer+Views.swift */ = {isa = PBXFileReference; lastKnownFileType = sourcecode.swift; path = "DefaultContainer+Views.swift"; sourceTree = "<group>"; };
		1AA98E16225AB02200F22286 /* .swiftlint.yml */ = {isa = PBXFileReference; fileEncoding = 4; lastKnownFileType = text; path = .swiftlint.yml; sourceTree = "<group>"; };
		1AA98E1A225AB33A00F22286 /* Constants.swift */ = {isa = PBXFileReference; lastKnownFileType = sourcecode.swift; path = Constants.swift; sourceTree = "<group>"; };
		1AA98E1C225AB5DC00F22286 /* PlaceRouter.swift */ = {isa = PBXFileReference; lastKnownFileType = sourcecode.swift; path = PlaceRouter.swift; sourceTree = "<group>"; };
		1AA98E1E225AB75000F22286 /* PlaceRepository.swift */ = {isa = PBXFileReference; lastKnownFileType = sourcecode.swift; path = PlaceRepository.swift; sourceTree = "<group>"; };
		1AA98E20225AB7EE00F22286 /* PlaceRepositoryImpl.swift */ = {isa = PBXFileReference; lastKnownFileType = sourcecode.swift; path = PlaceRepositoryImpl.swift; sourceTree = "<group>"; };
		1AA98E24225ABF0600F22286 /* PlaceService.swift */ = {isa = PBXFileReference; lastKnownFileType = sourcecode.swift; path = PlaceService.swift; sourceTree = "<group>"; };
		1AA98E27225ABFF900F22286 /* Country.swift */ = {isa = PBXFileReference; lastKnownFileType = sourcecode.swift; path = Country.swift; sourceTree = "<group>"; };
		1AA98E29225AC00700F22286 /* City.swift */ = {isa = PBXFileReference; lastKnownFileType = sourcecode.swift; path = City.swift; sourceTree = "<group>"; };
		1AA98E2B225AC0D300F22286 /* PlaceServiceImpl.swift */ = {isa = PBXFileReference; lastKnownFileType = sourcecode.swift; path = PlaceServiceImpl.swift; sourceTree = "<group>"; };
		1AA98E2D225AC25400F22286 /* PlaceError.swift */ = {isa = PBXFileReference; lastKnownFileType = sourcecode.swift; path = PlaceError.swift; sourceTree = "<group>"; };
		1AA98E2F225AC43200F22286 /* DefaultContainer+Services.swift */ = {isa = PBXFileReference; lastKnownFileType = sourcecode.swift; path = "DefaultContainer+Services.swift"; sourceTree = "<group>"; };
		1AA98E31225AC44200F22286 /* DefaultContainer+Repositories.swift */ = {isa = PBXFileReference; lastKnownFileType = sourcecode.swift; path = "DefaultContainer+Repositories.swift"; sourceTree = "<group>"; };
		1AA98E34225ADA0D00F22286 /* GeolocationService.swift */ = {isa = PBXFileReference; lastKnownFileType = sourcecode.swift; path = GeolocationService.swift; sourceTree = "<group>"; };
		1AA98E36225ADB8C00F22286 /* GeolocationServiceImpl.swift */ = {isa = PBXFileReference; lastKnownFileType = sourcecode.swift; path = GeolocationServiceImpl.swift; sourceTree = "<group>"; };
		1AA98E3822624B7900F22286 /* MapViewModel.swift */ = {isa = PBXFileReference; lastKnownFileType = sourcecode.swift; path = MapViewModel.swift; sourceTree = "<group>"; };
		1AA98E3A22624B9300F22286 /* MapViewScreen.swift */ = {isa = PBXFileReference; lastKnownFileType = sourcecode.swift; path = MapViewScreen.swift; sourceTree = "<group>"; };
		1AA98E3C22624BC400F22286 /* CodeView.swift */ = {isa = PBXFileReference; lastKnownFileType = sourcecode.swift; path = CodeView.swift; sourceTree = "<group>"; };
		1AA98E3E226252E000F22286 /* CustomViewController.swift */ = {isa = PBXFileReference; lastKnownFileType = sourcecode.swift; path = CustomViewController.swift; sourceTree = "<group>"; };
		1AA98E40226254DC00F22286 /* MapViewModeling.swift */ = {isa = PBXFileReference; lastKnownFileType = sourcecode.swift; path = MapViewModeling.swift; sourceTree = "<group>"; };
		1AA98E442262559100F22286 /* DefaultContainer+ViewModels.swift */ = {isa = PBXFileReference; lastKnownFileType = sourcecode.swift; path = "DefaultContainer+ViewModels.swift"; sourceTree = "<group>"; };
		1AA98E4722626D6700F22286 /* InfoLabelView.swift */ = {isa = PBXFileReference; lastKnownFileType = sourcecode.swift; path = InfoLabelView.swift; sourceTree = "<group>"; };
		1AA98E49226286F900F22286 /* MapsLabel.swift */ = {isa = PBXFileReference; lastKnownFileType = sourcecode.swift; path = MapsLabel.swift; sourceTree = "<group>"; };
		1AA98E4B2262875100F22286 /* Style.swift */ = {isa = PBXFileReference; lastKnownFileType = sourcecode.swift; path = Style.swift; sourceTree = "<group>"; };
		1AA98E4E226289A000F22286 /* LabelStyle.swift */ = {isa = PBXFileReference; lastKnownFileType = sourcecode.swift; path = LabelStyle.swift; sourceTree = "<group>"; };
		1AA98E5022628B5000F22286 /* LabelDescriptor.swift */ = {isa = PBXFileReference; lastKnownFileType = sourcecode.swift; path = LabelDescriptor.swift; sourceTree = "<group>"; };
		1AA98E5322628F0600F22286 /* TitleDescriptor.swift */ = {isa = PBXFileReference; lastKnownFileType = sourcecode.swift; path = TitleDescriptor.swift; sourceTree = "<group>"; };
		1AA98E552262926E00F22286 /* SubtitleDescriptor.swift */ = {isa = PBXFileReference; lastKnownFileType = sourcecode.swift; path = SubtitleDescriptor.swift; sourceTree = "<group>"; };
		1AA98E582262A45D00F22286 /* CityInfoView.swift */ = {isa = PBXFileReference; lastKnownFileType = sourcecode.swift; path = CityInfoView.swift; sourceTree = "<group>"; };
		1AA98E5B2262B84700F22286 /* Observable+Utils.swift */ = {isa = PBXFileReference; lastKnownFileType = sourcecode.swift; path = "Observable+Utils.swift"; sourceTree = "<group>"; };
		3165C6F1820F5504C965A406 /* Pods_MapsTests.framework */ = {isa = PBXFileReference; explicitFileType = wrapper.framework; includeInIndex = 0; path = Pods_MapsTests.framework; sourceTree = BUILT_PRODUCTS_DIR; };
		403D32CDCDCB929E32080D85 /* Pods-MapsTests.release.xcconfig */ = {isa = PBXFileReference; includeInIndex = 1; lastKnownFileType = text.xcconfig; name = "Pods-MapsTests.release.xcconfig"; path = "Target Support Files/Pods-MapsTests/Pods-MapsTests.release.xcconfig"; sourceTree = "<group>"; };
		4655AF3C375BEC380B6190C7 /* Pods_Maps.framework */ = {isa = PBXFileReference; explicitFileType = wrapper.framework; includeInIndex = 0; path = Pods_Maps.framework; sourceTree = BUILT_PRODUCTS_DIR; };
		B025DA9E4B031E888E4FD59C /* Pods-MapsTests.debug.xcconfig */ = {isa = PBXFileReference; includeInIndex = 1; lastKnownFileType = text.xcconfig; name = "Pods-MapsTests.debug.xcconfig"; path = "Target Support Files/Pods-MapsTests/Pods-MapsTests.debug.xcconfig"; sourceTree = "<group>"; };
		CB309BEBCA1EBAC5339BEDD5 /* Pods-MapsUITests.release.xcconfig */ = {isa = PBXFileReference; includeInIndex = 1; lastKnownFileType = text.xcconfig; name = "Pods-MapsUITests.release.xcconfig"; path = "Target Support Files/Pods-MapsUITests/Pods-MapsUITests.release.xcconfig"; sourceTree = "<group>"; };
		D9CBE6D8DD2BD5897571B94B /* Pods_MapsUITests.framework */ = {isa = PBXFileReference; explicitFileType = wrapper.framework; includeInIndex = 0; path = Pods_MapsUITests.framework; sourceTree = BUILT_PRODUCTS_DIR; };
		E39FF42048538D48CB5B24CB /* Pods-MapsUITests.debug.xcconfig */ = {isa = PBXFileReference; includeInIndex = 1; lastKnownFileType = text.xcconfig; name = "Pods-MapsUITests.debug.xcconfig"; path = "Target Support Files/Pods-MapsUITests/Pods-MapsUITests.debug.xcconfig"; sourceTree = "<group>"; };
		EB07248B450CA812683681EB /* Pods-Maps.release.xcconfig */ = {isa = PBXFileReference; includeInIndex = 1; lastKnownFileType = text.xcconfig; name = "Pods-Maps.release.xcconfig"; path = "Target Support Files/Pods-Maps/Pods-Maps.release.xcconfig"; sourceTree = "<group>"; };
/* End PBXFileReference section */

/* Begin PBXFrameworksBuildPhase section */
		1AA98DCD225A988B00F22286 /* Frameworks */ = {
			isa = PBXFrameworksBuildPhase;
			buildActionMask = 2147483647;
			files = (
				9D056CC1F5C5225C03CC4017 /* Pods_Maps.framework in Frameworks */,
			);
			runOnlyForDeploymentPostprocessing = 0;
		};
		1AA98DE1225A988D00F22286 /* Frameworks */ = {
			isa = PBXFrameworksBuildPhase;
			buildActionMask = 2147483647;
			files = (
				A8A64F38CA97F6EE0789E803 /* Pods_MapsTests.framework in Frameworks */,
			);
			runOnlyForDeploymentPostprocessing = 0;
		};
		1AA98DEC225A988D00F22286 /* Frameworks */ = {
			isa = PBXFrameworksBuildPhase;
			buildActionMask = 2147483647;
			files = (
				69511AF44C6DB325121AF196 /* Pods_MapsUITests.framework in Frameworks */,
			);
			runOnlyForDeploymentPostprocessing = 0;
		};
/* End PBXFrameworksBuildPhase section */

/* Begin PBXGroup section */
		1AA98DC7225A988B00F22286 = {
			isa = PBXGroup;
			children = (
				1AA98E16225AB02200F22286 /* .swiftlint.yml */,
				1AA98DD2225A988B00F22286 /* Maps */,
				1AA98DE7225A988D00F22286 /* MapsTests */,
				1AA98DF2225A988D00F22286 /* MapsUITests */,
				1AA98DD1225A988B00F22286 /* Products */,
				D0BD04A7E41EA9CECC309C04 /* Pods */,
				45A8DBF3B3B937FB9C8632A0 /* Frameworks */,
			);
			sourceTree = "<group>";
		};
		1AA98DD1225A988B00F22286 /* Products */ = {
			isa = PBXGroup;
			children = (
				1AA98DD0225A988B00F22286 /* Maps.app */,
				1AA98DE4225A988D00F22286 /* MapsTests.xctest */,
				1AA98DEF225A988D00F22286 /* MapsUITests.xctest */,
			);
			name = Products;
			sourceTree = "<group>";
		};
		1AA98DD2225A988B00F22286 /* Maps */ = {
			isa = PBXGroup;
			children = (
				1AA98E5A2262B82B00F22286 /* Extension */,
				1AA98DD3225A988B00F22286 /* AppDelegate.swift */,
				1AA98DDA225A988D00F22286 /* Assets.xcassets */,
				1AA98E04225A9B8100F22286 /* CodeView */,
				1AA98E4622626A3700F22286 /* Components */,
				1AA98E06225A9BEF00F22286 /* Constants */,
				1AA98E05225A9BEA00F22286 /* Container */,
				1AA98E02225A9B7300F22286 /* Coordinator */,
				1AA98E08225A9C3100F22286 /* Entities */,
				1AA98DDF225A988D00F22286 /* Info.plist */,
				1AA98DDC225A988D00F22286 /* LaunchScreen.storyboard */,
				1AA98E03225A9B7B00F22286 /* Modules */,
				1AA98E18225AB19000F22286 /* Networking */,
				1AA98E09225A9CE300F22286 /* Services */,
			);
			path = Maps;
			sourceTree = "<group>";
		};
		1AA98DE7225A988D00F22286 /* MapsTests */ = {
			isa = PBXGroup;
			children = (
				1AA98DE8225A988D00F22286 /* MapsTests.swift */,
				1AA98DEA225A988D00F22286 /* Info.plist */,
			);
			path = MapsTests;
			sourceTree = "<group>";
		};
		1AA98DF2225A988D00F22286 /* MapsUITests */ = {
			isa = PBXGroup;
			children = (
				1AA98DF3225A988D00F22286 /* MapsUITests.swift */,
				1AA98DF5225A988D00F22286 /* Info.plist */,
			);
			path = MapsUITests;
			sourceTree = "<group>";
		};
		1AA98E02225A9B7300F22286 /* Coordinator */ = {
			isa = PBXGroup;
			children = (
				1AA98E0A225A9D5D00F22286 /* Coordinator.swift */,
				1AA98E0C225AA4CD00F22286 /* AppCoordinator.swift */,
			);
			path = Coordinator;
			sourceTree = "<group>";
		};
		1AA98E03225A9B7B00F22286 /* Modules */ = {
			isa = PBXGroup;
			children = (
				1AA98E10225AA7E000F22286 /* MapView */,
			);
			path = Modules;
			sourceTree = "<group>";
		};
		1AA98E04225A9B8100F22286 /* CodeView */ = {
			isa = PBXGroup;
			children = (
				1AA98E4D2262899100F22286 /* Label */,
				1AA98E3C22624BC400F22286 /* CodeView.swift */,
				1AA98E3E226252E000F22286 /* CustomViewController.swift */,
				1AA98E49226286F900F22286 /* MapsLabel.swift */,
				1AA98E4B2262875100F22286 /* Style.swift */,
			);
			path = CodeView;
			sourceTree = "<group>";
		};
		1AA98E05225A9BEA00F22286 /* Container */ = {
			isa = PBXGroup;
			children = (
				1AA98E0E225AA54A00F22286 /* DefaultContainer.swift */,
				1AA98E13225AA8A600F22286 /* DefaultContainer+Views.swift */,
				1AA98E2F225AC43200F22286 /* DefaultContainer+Services.swift */,
				1AA98E31225AC44200F22286 /* DefaultContainer+Repositories.swift */,
				1AA98E442262559100F22286 /* DefaultContainer+ViewModels.swift */,
			);
			path = Container;
			sourceTree = "<group>";
		};
		1AA98E06225A9BEF00F22286 /* Constants */ = {
			isa = PBXGroup;
			children = (
				1AA98E1A225AB33A00F22286 /* Constants.swift */,
			);
			path = Constants;
			sourceTree = "<group>";
		};
		1AA98E08225A9C3100F22286 /* Entities */ = {
			isa = PBXGroup;
			children = (
				1AA98E27225ABFF900F22286 /* Country.swift */,
				1AA98E29225AC00700F22286 /* City.swift */,
			);
			path = Entities;
			sourceTree = "<group>";
		};
		1AA98E09225A9CE300F22286 /* Services */ = {
			isa = PBXGroup;
			children = (
				1AA98E33225AD99D00F22286 /* Geolocation */,
				1AA98E26225ABF3100F22286 /* Places */,
			);
			path = Services;
			sourceTree = "<group>";
		};
		1AA98E10225AA7E000F22286 /* MapView */ = {
			isa = PBXGroup;
			children = (
				1AA98E11225AA7FF00F22286 /* MapView.swift */,
				1AA98E3822624B7900F22286 /* MapViewModel.swift */,
				1AA98E3A22624B9300F22286 /* MapViewScreen.swift */,
				1AA98E40226254DC00F22286 /* MapViewModeling.swift */,
			);
			path = MapView;
			sourceTree = "<group>";
		};
		1AA98E18225AB19000F22286 /* Networking */ = {
			isa = PBXGroup;
			children = (
				1AA98E19225AB19A00F22286 /* Places */,
			);
			path = Networking;
			sourceTree = "<group>";
		};
		1AA98E19225AB19A00F22286 /* Places */ = {
			isa = PBXGroup;
			children = (
				1AA98E1C225AB5DC00F22286 /* PlaceRouter.swift */,
				1AA98E1E225AB75000F22286 /* PlaceRepository.swift */,
				1AA98E20225AB7EE00F22286 /* PlaceRepositoryImpl.swift */,
				1AA98E2D225AC25400F22286 /* PlaceError.swift */,
			);
			path = Places;
			sourceTree = "<group>";
		};
		1AA98E26225ABF3100F22286 /* Places */ = {
			isa = PBXGroup;
			children = (
				1AA98E24225ABF0600F22286 /* PlaceService.swift */,
				1AA98E2B225AC0D300F22286 /* PlaceServiceImpl.swift */,
			);
			path = Places;
			sourceTree = "<group>";
		};
		1AA98E33225AD99D00F22286 /* Geolocation */ = {
			isa = PBXGroup;
			children = (
				1AA98E34225ADA0D00F22286 /* GeolocationService.swift */,
				1AA98E36225ADB8C00F22286 /* GeolocationServiceImpl.swift */,
			);
			path = Geolocation;
			sourceTree = "<group>";
		};
		1AA98E4622626A3700F22286 /* Components */ = {
			isa = PBXGroup;
			children = (
				1AA98E572262A43800F22286 /* View */,
				1AA98E5222628EC700F22286 /* Label */,
			);
			path = Components;
			sourceTree = "<group>";
		};
		1AA98E4D2262899100F22286 /* Label */ = {
			isa = PBXGroup;
			children = (
				1AA98E5322628F0600F22286 /* TitleDescriptor.swift */,
				1AA98E552262926E00F22286 /* SubtitleDescriptor.swift */,
				1AA98E4E226289A000F22286 /* LabelStyle.swift */,
				1AA98E5022628B5000F22286 /* LabelDescriptor.swift */,
			);
			path = Label;
			sourceTree = "<group>";
		};
		1AA98E5222628EC700F22286 /* Label */ = {
			isa = PBXGroup;
			children = (
				1AA98E4722626D6700F22286 /* InfoLabelView.swift */,
			);
			path = Label;
			sourceTree = "<group>";
		};
		1AA98E572262A43800F22286 /* View */ = {
			isa = PBXGroup;
			children = (
				1AA98E582262A45D00F22286 /* CityInfoView.swift */,
			);
			path = View;
			sourceTree = "<group>";
		};
		1AA98E5A2262B82B00F22286 /* Extension */ = {
			isa = PBXGroup;
			children = (
				1AA98E5B2262B84700F22286 /* Observable+Utils.swift */,
			);
			path = Extension;
			sourceTree = "<group>";
		};
		45A8DBF3B3B937FB9C8632A0 /* Frameworks */ = {
			isa = PBXGroup;
			children = (
				4655AF3C375BEC380B6190C7 /* Pods_Maps.framework */,
				3165C6F1820F5504C965A406 /* Pods_MapsTests.framework */,
				D9CBE6D8DD2BD5897571B94B /* Pods_MapsUITests.framework */,
			);
			name = Frameworks;
			sourceTree = "<group>";
		};
		D0BD04A7E41EA9CECC309C04 /* Pods */ = {
			isa = PBXGroup;
			children = (
				079EB13BF7EADEF6A1386771 /* Pods-Maps.debug.xcconfig */,
				EB07248B450CA812683681EB /* Pods-Maps.release.xcconfig */,
				B025DA9E4B031E888E4FD59C /* Pods-MapsTests.debug.xcconfig */,
				403D32CDCDCB929E32080D85 /* Pods-MapsTests.release.xcconfig */,
				E39FF42048538D48CB5B24CB /* Pods-MapsUITests.debug.xcconfig */,
				CB309BEBCA1EBAC5339BEDD5 /* Pods-MapsUITests.release.xcconfig */,
			);
			path = Pods;
			sourceTree = "<group>";
		};
/* End PBXGroup section */

/* Begin PBXNativeTarget section */
		1AA98DCF225A988B00F22286 /* Maps */ = {
			isa = PBXNativeTarget;
			buildConfigurationList = 1AA98DF8225A988D00F22286 /* Build configuration list for PBXNativeTarget "Maps" */;
			buildPhases = (
				CEF059F074D23DDA6FE5E717 /* [CP] Check Pods Manifest.lock */,
				1AA98DCC225A988B00F22286 /* Sources */,
				1AA98DCD225A988B00F22286 /* Frameworks */,
				1AA98DCE225A988B00F22286 /* Resources */,
				C7DE4B4D96BB7B9222755E27 /* [CP] Embed Pods Frameworks */,
				1AA98E15225AAF1300F22286 /* SwiftLint */,
				C98484CA9233FE62AD3A217C /* [CP] Copy Pods Resources */,
			);
			buildRules = (
			);
			dependencies = (
			);
			name = Maps;
			productName = Maps;
			productReference = 1AA98DD0225A988B00F22286 /* Maps.app */;
			productType = "com.apple.product-type.application";
		};
		1AA98DE3225A988D00F22286 /* MapsTests */ = {
			isa = PBXNativeTarget;
			buildConfigurationList = 1AA98DFB225A988D00F22286 /* Build configuration list for PBXNativeTarget "MapsTests" */;
			buildPhases = (
				AD788A3312CDD5650B7E4F5D /* [CP] Check Pods Manifest.lock */,
				1AA98DE0225A988D00F22286 /* Sources */,
				1AA98DE1225A988D00F22286 /* Frameworks */,
				1AA98DE2225A988D00F22286 /* Resources */,
			);
			buildRules = (
			);
			dependencies = (
				1AA98DE6225A988D00F22286 /* PBXTargetDependency */,
			);
			name = MapsTests;
			productName = MapsTests;
			productReference = 1AA98DE4225A988D00F22286 /* MapsTests.xctest */;
			productType = "com.apple.product-type.bundle.unit-test";
		};
		1AA98DEE225A988D00F22286 /* MapsUITests */ = {
			isa = PBXNativeTarget;
			buildConfigurationList = 1AA98DFE225A988D00F22286 /* Build configuration list for PBXNativeTarget "MapsUITests" */;
			buildPhases = (
				6892C2D2793BC93608BA1E05 /* [CP] Check Pods Manifest.lock */,
				1AA98DEB225A988D00F22286 /* Sources */,
				1AA98DEC225A988D00F22286 /* Frameworks */,
				1AA98DED225A988D00F22286 /* Resources */,
			);
			buildRules = (
			);
			dependencies = (
				1AA98DF1225A988D00F22286 /* PBXTargetDependency */,
			);
			name = MapsUITests;
			productName = MapsUITests;
			productReference = 1AA98DEF225A988D00F22286 /* MapsUITests.xctest */;
			productType = "com.apple.product-type.bundle.ui-testing";
		};
/* End PBXNativeTarget section */

/* Begin PBXProject section */
		1AA98DC8225A988B00F22286 /* Project object */ = {
			isa = PBXProject;
			attributes = {
				LastSwiftUpdateCheck = 1020;
				LastUpgradeCheck = 1020;
				ORGANIZATIONNAME = "Leonardo Piovezan";
				TargetAttributes = {
					1AA98DCF225A988B00F22286 = {
						CreatedOnToolsVersion = 10.2;
					};
					1AA98DE3225A988D00F22286 = {
						CreatedOnToolsVersion = 10.2;
						TestTargetID = 1AA98DCF225A988B00F22286;
					};
					1AA98DEE225A988D00F22286 = {
						CreatedOnToolsVersion = 10.2;
						TestTargetID = 1AA98DCF225A988B00F22286;
					};
				};
			};
			buildConfigurationList = 1AA98DCB225A988B00F22286 /* Build configuration list for PBXProject "Maps" */;
			compatibilityVersion = "Xcode 9.3";
			developmentRegion = en;
			hasScannedForEncodings = 0;
			knownRegions = (
				en,
				Base,
			);
			mainGroup = 1AA98DC7225A988B00F22286;
			productRefGroup = 1AA98DD1225A988B00F22286 /* Products */;
			projectDirPath = "";
			projectRoot = "";
			targets = (
				1AA98DCF225A988B00F22286 /* Maps */,
				1AA98DE3225A988D00F22286 /* MapsTests */,
				1AA98DEE225A988D00F22286 /* MapsUITests */,
			);
		};
/* End PBXProject section */

/* Begin PBXResourcesBuildPhase section */
		1AA98DCE225A988B00F22286 /* Resources */ = {
			isa = PBXResourcesBuildPhase;
			buildActionMask = 2147483647;
			files = (
				1AA98E17225AB02200F22286 /* .swiftlint.yml in Resources */,
				1AA98DDE225A988D00F22286 /* LaunchScreen.storyboard in Resources */,
				1AA98DDB225A988D00F22286 /* Assets.xcassets in Resources */,
			);
			runOnlyForDeploymentPostprocessing = 0;
		};
		1AA98DE2225A988D00F22286 /* Resources */ = {
			isa = PBXResourcesBuildPhase;
			buildActionMask = 2147483647;
			files = (
			);
			runOnlyForDeploymentPostprocessing = 0;
		};
		1AA98DED225A988D00F22286 /* Resources */ = {
			isa = PBXResourcesBuildPhase;
			buildActionMask = 2147483647;
			files = (
			);
			runOnlyForDeploymentPostprocessing = 0;
		};
/* End PBXResourcesBuildPhase section */

/* Begin PBXShellScriptBuildPhase section */
		1AA98E15225AAF1300F22286 /* SwiftLint */ = {
			isa = PBXShellScriptBuildPhase;
			buildActionMask = 2147483647;
			files = (
			);
			inputFileListPaths = (
			);
			inputPaths = (
			);
			name = SwiftLint;
			outputFileListPaths = (
			);
			outputPaths = (
			);
			runOnlyForDeploymentPostprocessing = 0;
			shellPath = /bin/sh;
			shellScript = "\"${PODS_ROOT}/SwiftLint/swiftlint\"\n";
		};
		6892C2D2793BC93608BA1E05 /* [CP] Check Pods Manifest.lock */ = {
			isa = PBXShellScriptBuildPhase;
			buildActionMask = 2147483647;
			files = (
			);
			inputFileListPaths = (
			);
			inputPaths = (
				"${PODS_PODFILE_DIR_PATH}/Podfile.lock",
				"${PODS_ROOT}/Manifest.lock",
			);
			name = "[CP] Check Pods Manifest.lock";
			outputFileListPaths = (
			);
			outputPaths = (
				"$(DERIVED_FILE_DIR)/Pods-MapsUITests-checkManifestLockResult.txt",
			);
			runOnlyForDeploymentPostprocessing = 0;
			shellPath = /bin/sh;
			shellScript = "diff \"${PODS_PODFILE_DIR_PATH}/Podfile.lock\" \"${PODS_ROOT}/Manifest.lock\" > /dev/null\nif [ $? != 0 ] ; then\n    # print error to STDERR\n    echo \"error: The sandbox is not in sync with the Podfile.lock. Run 'pod install' or update your CocoaPods installation.\" >&2\n    exit 1\nfi\n# This output is used by Xcode 'outputs' to avoid re-running this script phase.\necho \"SUCCESS\" > \"${SCRIPT_OUTPUT_FILE_0}\"\n";
			showEnvVarsInLog = 0;
		};
		AD788A3312CDD5650B7E4F5D /* [CP] Check Pods Manifest.lock */ = {
			isa = PBXShellScriptBuildPhase;
			buildActionMask = 2147483647;
			files = (
			);
			inputFileListPaths = (
			);
			inputPaths = (
				"${PODS_PODFILE_DIR_PATH}/Podfile.lock",
				"${PODS_ROOT}/Manifest.lock",
			);
			name = "[CP] Check Pods Manifest.lock";
			outputFileListPaths = (
			);
			outputPaths = (
				"$(DERIVED_FILE_DIR)/Pods-MapsTests-checkManifestLockResult.txt",
			);
			runOnlyForDeploymentPostprocessing = 0;
			shellPath = /bin/sh;
			shellScript = "diff \"${PODS_PODFILE_DIR_PATH}/Podfile.lock\" \"${PODS_ROOT}/Manifest.lock\" > /dev/null\nif [ $? != 0 ] ; then\n    # print error to STDERR\n    echo \"error: The sandbox is not in sync with the Podfile.lock. Run 'pod install' or update your CocoaPods installation.\" >&2\n    exit 1\nfi\n# This output is used by Xcode 'outputs' to avoid re-running this script phase.\necho \"SUCCESS\" > \"${SCRIPT_OUTPUT_FILE_0}\"\n";
			showEnvVarsInLog = 0;
		};
		C7DE4B4D96BB7B9222755E27 /* [CP] Embed Pods Frameworks */ = {
			isa = PBXShellScriptBuildPhase;
			buildActionMask = 2147483647;
			files = (
			);
			inputFileListPaths = (
			);
			inputPaths = (
				"${PODS_ROOT}/Target Support Files/Pods-Maps/Pods-Maps-frameworks.sh",
				"${BUILT_PRODUCTS_DIR}/Alamofire/Alamofire.framework",
				"${BUILT_PRODUCTS_DIR}/Moya/Moya.framework",
				"${BUILT_PRODUCTS_DIR}/Result/Result.framework",
				"${BUILT_PRODUCTS_DIR}/RxAtomic/RxAtomic.framework",
				"${BUILT_PRODUCTS_DIR}/RxCocoa/RxCocoa.framework",
				"${BUILT_PRODUCTS_DIR}/RxCoreLocation/RxCoreLocation.framework",
				"${BUILT_PRODUCTS_DIR}/RxSwift/RxSwift.framework",
				"${BUILT_PRODUCTS_DIR}/SnapKit/SnapKit.framework",
				"${BUILT_PRODUCTS_DIR}/Swinject/Swinject.framework",
			);
			name = "[CP] Embed Pods Frameworks";
			outputFileListPaths = (
			);
			outputPaths = (
				"${TARGET_BUILD_DIR}/${FRAMEWORKS_FOLDER_PATH}/Alamofire.framework",
				"${TARGET_BUILD_DIR}/${FRAMEWORKS_FOLDER_PATH}/Moya.framework",
				"${TARGET_BUILD_DIR}/${FRAMEWORKS_FOLDER_PATH}/Result.framework",
				"${TARGET_BUILD_DIR}/${FRAMEWORKS_FOLDER_PATH}/RxAtomic.framework",
				"${TARGET_BUILD_DIR}/${FRAMEWORKS_FOLDER_PATH}/RxCocoa.framework",
				"${TARGET_BUILD_DIR}/${FRAMEWORKS_FOLDER_PATH}/RxCoreLocation.framework",
				"${TARGET_BUILD_DIR}/${FRAMEWORKS_FOLDER_PATH}/RxSwift.framework",
				"${TARGET_BUILD_DIR}/${FRAMEWORKS_FOLDER_PATH}/SnapKit.framework",
				"${TARGET_BUILD_DIR}/${FRAMEWORKS_FOLDER_PATH}/Swinject.framework",
			);
			runOnlyForDeploymentPostprocessing = 0;
			shellPath = /bin/sh;
			shellScript = "\"${PODS_ROOT}/Target Support Files/Pods-Maps/Pods-Maps-frameworks.sh\"\n";
			showEnvVarsInLog = 0;
		};
		C98484CA9233FE62AD3A217C /* [CP] Copy Pods Resources */ = {
			isa = PBXShellScriptBuildPhase;
			buildActionMask = 2147483647;
			files = (
			);
			inputFileListPaths = (
			);
			inputPaths = (
				"${PODS_ROOT}/Target Support Files/Pods-Maps/Pods-Maps-resources.sh",
				"${PODS_ROOT}/GoogleMaps/Maps/Frameworks/GoogleMaps.framework/Resources/GoogleMaps.bundle",
			);
			name = "[CP] Copy Pods Resources";
			outputFileListPaths = (
			);
			outputPaths = (
				"${TARGET_BUILD_DIR}/${UNLOCALIZED_RESOURCES_FOLDER_PATH}/GoogleMaps.bundle",
			);
			runOnlyForDeploymentPostprocessing = 0;
			shellPath = /bin/sh;
			shellScript = "\"${PODS_ROOT}/Target Support Files/Pods-Maps/Pods-Maps-resources.sh\"\n";
			showEnvVarsInLog = 0;
		};
		CEF059F074D23DDA6FE5E717 /* [CP] Check Pods Manifest.lock */ = {
			isa = PBXShellScriptBuildPhase;
			buildActionMask = 2147483647;
			files = (
			);
			inputFileListPaths = (
			);
			inputPaths = (
				"${PODS_PODFILE_DIR_PATH}/Podfile.lock",
				"${PODS_ROOT}/Manifest.lock",
			);
			name = "[CP] Check Pods Manifest.lock";
			outputFileListPaths = (
			);
			outputPaths = (
				"$(DERIVED_FILE_DIR)/Pods-Maps-checkManifestLockResult.txt",
			);
			runOnlyForDeploymentPostprocessing = 0;
			shellPath = /bin/sh;
			shellScript = "diff \"${PODS_PODFILE_DIR_PATH}/Podfile.lock\" \"${PODS_ROOT}/Manifest.lock\" > /dev/null\nif [ $? != 0 ] ; then\n    # print error to STDERR\n    echo \"error: The sandbox is not in sync with the Podfile.lock. Run 'pod install' or update your CocoaPods installation.\" >&2\n    exit 1\nfi\n# This output is used by Xcode 'outputs' to avoid re-running this script phase.\necho \"SUCCESS\" > \"${SCRIPT_OUTPUT_FILE_0}\"\n";
			showEnvVarsInLog = 0;
		};
/* End PBXShellScriptBuildPhase section */

/* Begin PBXSourcesBuildPhase section */
		1AA98DCC225A988B00F22286 /* Sources */ = {
			isa = PBXSourcesBuildPhase;
			buildActionMask = 2147483647;
			files = (
				1AA98E35225ADA0D00F22286 /* GeolocationService.swift in Sources */,
				1AA98E2E225AC25400F22286 /* PlaceError.swift in Sources */,
				1AA98E3F226252E000F22286 /* CustomViewController.swift in Sources */,
				1AA98E30225AC43200F22286 /* DefaultContainer+Services.swift in Sources */,
				1AA98E37225ADB8C00F22286 /* GeolocationServiceImpl.swift in Sources */,
				1AA98E14225AA8A600F22286 /* DefaultContainer+Views.swift in Sources */,
				1AA98E5C2262B84700F22286 /* Observable+Utils.swift in Sources */,
				1AA98E2C225AC0D300F22286 /* PlaceServiceImpl.swift in Sources */,
				1AA98E592262A45D00F22286 /* CityInfoView.swift in Sources */,
				1AA98E0D225AA4CD00F22286 /* AppCoordinator.swift in Sources */,
				1AA98E1D225AB5DC00F22286 /* PlaceRouter.swift in Sources */,
				1AA98E21225AB7EE00F22286 /* PlaceRepositoryImpl.swift in Sources */,
				1AA98E4A226286F900F22286 /* MapsLabel.swift in Sources */,
				1AA98E32225AC44200F22286 /* DefaultContainer+Repositories.swift in Sources */,
				1AA98E28225ABFF900F22286 /* Country.swift in Sources */,
				1AA98E3922624B7900F22286 /* MapViewModel.swift in Sources */,
				1AA98E1F225AB75000F22286 /* PlaceRepository.swift in Sources */,
				1AA98E0F225AA54A00F22286 /* DefaultContainer.swift in Sources */,
				1AA98E4822626D6700F22286 /* InfoLabelView.swift in Sources */,
				1AA98E4F226289A000F22286 /* LabelStyle.swift in Sources */,
				1AA98E12225AA7FF00F22286 /* MapView.swift in Sources */,
				1AA98E41226254DC00F22286 /* MapViewModeling.swift in Sources */,
				1AA98E5422628F0600F22286 /* TitleDescriptor.swift in Sources */,
				1AA98E25225ABF0600F22286 /* PlaceService.swift in Sources */,
				1AA98E1B225AB33A00F22286 /* Constants.swift in Sources */,
				1AA98E3D22624BC400F22286 /* CodeView.swift in Sources */,
				1AA98E5122628B5000F22286 /* LabelDescriptor.swift in Sources */,
				1AA98E3B22624B9300F22286 /* MapViewScreen.swift in Sources */,
				1AA98E0B225A9D5D00F22286 /* Coordinator.swift in Sources */,
				1AA98E2A225AC00700F22286 /* City.swift in Sources */,
				1AA98E4C2262875100F22286 /* Style.swift in Sources */,
				1AA98DD4225A988B00F22286 /* AppDelegate.swift in Sources */,
				1AA98E562262926E00F22286 /* SubtitleDescriptor.swift in Sources */,
				1AA98E452262559100F22286 /* DefaultContainer+ViewModels.swift in Sources */,
			);
			runOnlyForDeploymentPostprocessing = 0;
		};
		1AA98DE0225A988D00F22286 /* Sources */ = {
			isa = PBXSourcesBuildPhase;
			buildActionMask = 2147483647;
			files = (
				1AA98DE9225A988D00F22286 /* MapsTests.swift in Sources */,
			);
			runOnlyForDeploymentPostprocessing = 0;
		};
		1AA98DEB225A988D00F22286 /* Sources */ = {
			isa = PBXSourcesBuildPhase;
			buildActionMask = 2147483647;
			files = (
				1AA98DF4225A988D00F22286 /* MapsUITests.swift in Sources */,
			);
			runOnlyForDeploymentPostprocessing = 0;
		};
/* End PBXSourcesBuildPhase section */

/* Begin PBXTargetDependency section */
		1AA98DE6225A988D00F22286 /* PBXTargetDependency */ = {
			isa = PBXTargetDependency;
			target = 1AA98DCF225A988B00F22286 /* Maps */;
			targetProxy = 1AA98DE5225A988D00F22286 /* PBXContainerItemProxy */;
		};
		1AA98DF1225A988D00F22286 /* PBXTargetDependency */ = {
			isa = PBXTargetDependency;
			target = 1AA98DCF225A988B00F22286 /* Maps */;
			targetProxy = 1AA98DF0225A988D00F22286 /* PBXContainerItemProxy */;
		};
/* End PBXTargetDependency section */

/* Begin PBXVariantGroup section */
		1AA98DDC225A988D00F22286 /* LaunchScreen.storyboard */ = {
			isa = PBXVariantGroup;
			children = (
				1AA98DDD225A988D00F22286 /* Base */,
			);
			name = LaunchScreen.storyboard;
			sourceTree = "<group>";
		};
/* End PBXVariantGroup section */

/* Begin XCBuildConfiguration section */
		1AA98DF6225A988D00F22286 /* Debug */ = {
			isa = XCBuildConfiguration;
			buildSettings = {
				ALWAYS_SEARCH_USER_PATHS = NO;
				CLANG_ANALYZER_NONNULL = YES;
				CLANG_ANALYZER_NUMBER_OBJECT_CONVERSION = YES_AGGRESSIVE;
				CLANG_CXX_LANGUAGE_STANDARD = "gnu++14";
				CLANG_CXX_LIBRARY = "libc++";
				CLANG_ENABLE_MODULES = YES;
				CLANG_ENABLE_OBJC_ARC = YES;
				CLANG_ENABLE_OBJC_WEAK = YES;
				CLANG_WARN_BLOCK_CAPTURE_AUTORELEASING = YES;
				CLANG_WARN_BOOL_CONVERSION = YES;
				CLANG_WARN_COMMA = YES;
				CLANG_WARN_CONSTANT_CONVERSION = YES;
				CLANG_WARN_DEPRECATED_OBJC_IMPLEMENTATIONS = YES;
				CLANG_WARN_DIRECT_OBJC_ISA_USAGE = YES_ERROR;
				CLANG_WARN_DOCUMENTATION_COMMENTS = YES;
				CLANG_WARN_EMPTY_BODY = YES;
				CLANG_WARN_ENUM_CONVERSION = YES;
				CLANG_WARN_INFINITE_RECURSION = YES;
				CLANG_WARN_INT_CONVERSION = YES;
				CLANG_WARN_NON_LITERAL_NULL_CONVERSION = YES;
				CLANG_WARN_OBJC_IMPLICIT_RETAIN_SELF = YES;
				CLANG_WARN_OBJC_LITERAL_CONVERSION = YES;
				CLANG_WARN_OBJC_ROOT_CLASS = YES_ERROR;
				CLANG_WARN_RANGE_LOOP_ANALYSIS = YES;
				CLANG_WARN_STRICT_PROTOTYPES = YES;
				CLANG_WARN_SUSPICIOUS_MOVE = YES;
				CLANG_WARN_UNGUARDED_AVAILABILITY = YES_AGGRESSIVE;
				CLANG_WARN_UNREACHABLE_CODE = YES;
				CLANG_WARN__DUPLICATE_METHOD_MATCH = YES;
				CODE_SIGN_IDENTITY = "iPhone Developer";
				COPY_PHASE_STRIP = NO;
				DEBUG_INFORMATION_FORMAT = dwarf;
				ENABLE_STRICT_OBJC_MSGSEND = YES;
				ENABLE_TESTABILITY = YES;
				GCC_C_LANGUAGE_STANDARD = gnu11;
				GCC_DYNAMIC_NO_PIC = NO;
				GCC_NO_COMMON_BLOCKS = YES;
				GCC_OPTIMIZATION_LEVEL = 0;
				GCC_PREPROCESSOR_DEFINITIONS = (
					"DEBUG=1",
					"$(inherited)",
				);
				GCC_WARN_64_TO_32_BIT_CONVERSION = YES;
				GCC_WARN_ABOUT_RETURN_TYPE = YES_ERROR;
				GCC_WARN_UNDECLARED_SELECTOR = YES;
				GCC_WARN_UNINITIALIZED_AUTOS = YES_AGGRESSIVE;
				GCC_WARN_UNUSED_FUNCTION = YES;
				GCC_WARN_UNUSED_VARIABLE = YES;
				IPHONEOS_DEPLOYMENT_TARGET = 12.2;
				MTL_ENABLE_DEBUG_INFO = INCLUDE_SOURCE;
				MTL_FAST_MATH = YES;
				ONLY_ACTIVE_ARCH = YES;
				SDKROOT = iphoneos;
				SWIFT_ACTIVE_COMPILATION_CONDITIONS = DEBUG;
				SWIFT_OPTIMIZATION_LEVEL = "-Onone";
			};
			name = Debug;
		};
		1AA98DF7225A988D00F22286 /* Release */ = {
			isa = XCBuildConfiguration;
			buildSettings = {
				ALWAYS_SEARCH_USER_PATHS = NO;
				CLANG_ANALYZER_NONNULL = YES;
				CLANG_ANALYZER_NUMBER_OBJECT_CONVERSION = YES_AGGRESSIVE;
				CLANG_CXX_LANGUAGE_STANDARD = "gnu++14";
				CLANG_CXX_LIBRARY = "libc++";
				CLANG_ENABLE_MODULES = YES;
				CLANG_ENABLE_OBJC_ARC = YES;
				CLANG_ENABLE_OBJC_WEAK = YES;
				CLANG_WARN_BLOCK_CAPTURE_AUTORELEASING = YES;
				CLANG_WARN_BOOL_CONVERSION = YES;
				CLANG_WARN_COMMA = YES;
				CLANG_WARN_CONSTANT_CONVERSION = YES;
				CLANG_WARN_DEPRECATED_OBJC_IMPLEMENTATIONS = YES;
				CLANG_WARN_DIRECT_OBJC_ISA_USAGE = YES_ERROR;
				CLANG_WARN_DOCUMENTATION_COMMENTS = YES;
				CLANG_WARN_EMPTY_BODY = YES;
				CLANG_WARN_ENUM_CONVERSION = YES;
				CLANG_WARN_INFINITE_RECURSION = YES;
				CLANG_WARN_INT_CONVERSION = YES;
				CLANG_WARN_NON_LITERAL_NULL_CONVERSION = YES;
				CLANG_WARN_OBJC_IMPLICIT_RETAIN_SELF = YES;
				CLANG_WARN_OBJC_LITERAL_CONVERSION = YES;
				CLANG_WARN_OBJC_ROOT_CLASS = YES_ERROR;
				CLANG_WARN_RANGE_LOOP_ANALYSIS = YES;
				CLANG_WARN_STRICT_PROTOTYPES = YES;
				CLANG_WARN_SUSPICIOUS_MOVE = YES;
				CLANG_WARN_UNGUARDED_AVAILABILITY = YES_AGGRESSIVE;
				CLANG_WARN_UNREACHABLE_CODE = YES;
				CLANG_WARN__DUPLICATE_METHOD_MATCH = YES;
				CODE_SIGN_IDENTITY = "iPhone Developer";
				COPY_PHASE_STRIP = NO;
				DEBUG_INFORMATION_FORMAT = "dwarf-with-dsym";
				ENABLE_NS_ASSERTIONS = NO;
				ENABLE_STRICT_OBJC_MSGSEND = YES;
				GCC_C_LANGUAGE_STANDARD = gnu11;
				GCC_NO_COMMON_BLOCKS = YES;
				GCC_WARN_64_TO_32_BIT_CONVERSION = YES;
				GCC_WARN_ABOUT_RETURN_TYPE = YES_ERROR;
				GCC_WARN_UNDECLARED_SELECTOR = YES;
				GCC_WARN_UNINITIALIZED_AUTOS = YES_AGGRESSIVE;
				GCC_WARN_UNUSED_FUNCTION = YES;
				GCC_WARN_UNUSED_VARIABLE = YES;
				IPHONEOS_DEPLOYMENT_TARGET = 12.2;
				MTL_ENABLE_DEBUG_INFO = NO;
				MTL_FAST_MATH = YES;
				SDKROOT = iphoneos;
				SWIFT_COMPILATION_MODE = wholemodule;
				SWIFT_OPTIMIZATION_LEVEL = "-O";
				VALIDATE_PRODUCT = YES;
			};
			name = Release;
		};
		1AA98DF9225A988D00F22286 /* Debug */ = {
			isa = XCBuildConfiguration;
			baseConfigurationReference = 079EB13BF7EADEF6A1386771 /* Pods-Maps.debug.xcconfig */;
			buildSettings = {
				ASSETCATALOG_COMPILER_APPICON_NAME = AppIcon;
				CODE_SIGN_STYLE = Automatic;
				DEVELOPMENT_TEAM = CA952UST77;
				INFOPLIST_FILE = Maps/Info.plist;
				LD_RUNPATH_SEARCH_PATHS = (
					"$(inherited)",
					"@executable_path/Frameworks",
				);
				PRODUCT_BUNDLE_IDENTIFIER = com.piovezan.Maps;
				PRODUCT_NAME = "$(TARGET_NAME)";
				SWIFT_VERSION = 5.0;
				TARGETED_DEVICE_FAMILY = "1,2";
			};
			name = Debug;
		};
		1AA98DFA225A988D00F22286 /* Release */ = {
			isa = XCBuildConfiguration;
			baseConfigurationReference = EB07248B450CA812683681EB /* Pods-Maps.release.xcconfig */;
			buildSettings = {
				ASSETCATALOG_COMPILER_APPICON_NAME = AppIcon;
				CODE_SIGN_STYLE = Automatic;
				DEVELOPMENT_TEAM = CA952UST77;
				INFOPLIST_FILE = Maps/Info.plist;
				LD_RUNPATH_SEARCH_PATHS = (
					"$(inherited)",
					"@executable_path/Frameworks",
				);
				PRODUCT_BUNDLE_IDENTIFIER = com.piovezan.Maps;
				PRODUCT_NAME = "$(TARGET_NAME)";
				SWIFT_VERSION = 5.0;
				TARGETED_DEVICE_FAMILY = "1,2";
			};
			name = Release;
		};
		1AA98DFC225A988D00F22286 /* Debug */ = {
			isa = XCBuildConfiguration;
			baseConfigurationReference = B025DA9E4B031E888E4FD59C /* Pods-MapsTests.debug.xcconfig */;
			buildSettings = {
				ALWAYS_EMBED_SWIFT_STANDARD_LIBRARIES = YES;
				BUNDLE_LOADER = "$(TEST_HOST)";
				CODE_SIGN_STYLE = Automatic;
				INFOPLIST_FILE = MapsTests/Info.plist;
				LD_RUNPATH_SEARCH_PATHS = (
					"$(inherited)",
					"@executable_path/Frameworks",
					"@loader_path/Frameworks",
				);
				PRODUCT_BUNDLE_IDENTIFIER = com.piovezan.MapsTests;
				PRODUCT_NAME = "$(TARGET_NAME)";
				SWIFT_VERSION = 5.0;
				TARGETED_DEVICE_FAMILY = "1,2";
				TEST_HOST = "$(BUILT_PRODUCTS_DIR)/Maps.app/Maps";
			};
			name = Debug;
		};
		1AA98DFD225A988D00F22286 /* Release */ = {
			isa = XCBuildConfiguration;
			baseConfigurationReference = 403D32CDCDCB929E32080D85 /* Pods-MapsTests.release.xcconfig */;
			buildSettings = {
				ALWAYS_EMBED_SWIFT_STANDARD_LIBRARIES = YES;
				BUNDLE_LOADER = "$(TEST_HOST)";
				CODE_SIGN_STYLE = Automatic;
				INFOPLIST_FILE = MapsTests/Info.plist;
				LD_RUNPATH_SEARCH_PATHS = (
					"$(inherited)",
					"@executable_path/Frameworks",
					"@loader_path/Frameworks",
				);
				PRODUCT_BUNDLE_IDENTIFIER = com.piovezan.MapsTests;
				PRODUCT_NAME = "$(TARGET_NAME)";
				SWIFT_VERSION = 5.0;
				TARGETED_DEVICE_FAMILY = "1,2";
				TEST_HOST = "$(BUILT_PRODUCTS_DIR)/Maps.app/Maps";
			};
			name = Release;
		};
		1AA98DFF225A988D00F22286 /* Debug */ = {
			isa = XCBuildConfiguration;
			baseConfigurationReference = E39FF42048538D48CB5B24CB /* Pods-MapsUITests.debug.xcconfig */;
			buildSettings = {
				ALWAYS_EMBED_SWIFT_STANDARD_LIBRARIES = YES;
				CODE_SIGN_STYLE = Automatic;
				INFOPLIST_FILE = MapsUITests/Info.plist;
				LD_RUNPATH_SEARCH_PATHS = (
					"$(inherited)",
					"@executable_path/Frameworks",
					"@loader_path/Frameworks",
				);
				PRODUCT_BUNDLE_IDENTIFIER = com.piovezan.MapsUITests;
				PRODUCT_NAME = "$(TARGET_NAME)";
				SWIFT_VERSION = 5.0;
				TARGETED_DEVICE_FAMILY = "1,2";
				TEST_TARGET_NAME = Maps;
			};
			name = Debug;
		};
		1AA98E00225A988D00F22286 /* Release */ = {
			isa = XCBuildConfiguration;
			baseConfigurationReference = CB309BEBCA1EBAC5339BEDD5 /* Pods-MapsUITests.release.xcconfig */;
			buildSettings = {
				ALWAYS_EMBED_SWIFT_STANDARD_LIBRARIES = YES;
				CODE_SIGN_STYLE = Automatic;
				INFOPLIST_FILE = MapsUITests/Info.plist;
				LD_RUNPATH_SEARCH_PATHS = (
					"$(inherited)",
					"@executable_path/Frameworks",
					"@loader_path/Frameworks",
				);
				PRODUCT_BUNDLE_IDENTIFIER = com.piovezan.MapsUITests;
				PRODUCT_NAME = "$(TARGET_NAME)";
				SWIFT_VERSION = 5.0;
				TARGETED_DEVICE_FAMILY = "1,2";
				TEST_TARGET_NAME = Maps;
			};
			name = Release;
		};
/* End XCBuildConfiguration section */

/* Begin XCConfigurationList section */
		1AA98DCB225A988B00F22286 /* Build configuration list for PBXProject "Maps" */ = {
			isa = XCConfigurationList;
			buildConfigurations = (
				1AA98DF6225A988D00F22286 /* Debug */,
				1AA98DF7225A988D00F22286 /* Release */,
			);
			defaultConfigurationIsVisible = 0;
			defaultConfigurationName = Release;
		};
		1AA98DF8225A988D00F22286 /* Build configuration list for PBXNativeTarget "Maps" */ = {
			isa = XCConfigurationList;
			buildConfigurations = (
				1AA98DF9225A988D00F22286 /* Debug */,
				1AA98DFA225A988D00F22286 /* Release */,
			);
			defaultConfigurationIsVisible = 0;
			defaultConfigurationName = Release;
		};
		1AA98DFB225A988D00F22286 /* Build configuration list for PBXNativeTarget "MapsTests" */ = {
			isa = XCConfigurationList;
			buildConfigurations = (
				1AA98DFC225A988D00F22286 /* Debug */,
				1AA98DFD225A988D00F22286 /* Release */,
			);
			defaultConfigurationIsVisible = 0;
			defaultConfigurationName = Release;
		};
		1AA98DFE225A988D00F22286 /* Build configuration list for PBXNativeTarget "MapsUITests" */ = {
			isa = XCConfigurationList;
			buildConfigurations = (
				1AA98DFF225A988D00F22286 /* Debug */,
				1AA98E00225A988D00F22286 /* Release */,
			);
			defaultConfigurationIsVisible = 0;
			defaultConfigurationName = Release;
		};
/* End XCConfigurationList section */
	};
	rootObject = 1AA98DC8225A988B00F22286 /* Project object */;
}
